
Microsoft Visual Studio Solution File, Format Version 12.00
# Visual Studio Version 17
VisualStudioVersion = 17.14.36109.1 d17.14
MinimumVisualStudioVersion = 10.0.40219.1
Project("{FAE04EC0-301F-11D3-BF4B-00C04F79EFBC}") = "PROG7313_Agri_Energy_Connect_ST10040092", "PROG7313_Agri_Energy_Connect_ST10040092\PROG7313_Agri_Energy_Connect_ST10040092.csproj", "{DFCF0C73-142E-407C-AA6D-FC266E9C61FB}"
EndProject
Global
	GlobalSection(SolutionConfigurationPlatforms) = preSolution
		Debug|Any CPU = Debug|Any CPU
		Release|Any CPU = Release|Any CPU
	EndGlobalSection
	GlobalSection(ProjectConfigurationPlatforms) = postSolution
		{DFCF0C73-142E-407C-AA6D-FC266E9C61FB}.Debug|Any CPU.ActiveCfg = Debug|Any CPU
		{DFCF0C73-142E-407C-AA6D-FC266E9C61FB}.Debug|Any CPU.Build.0 = Debug|Any CPU
		{DFCF0C73-142E-407C-AA6D-FC266E9C61FB}.Release|Any CPU.ActiveCfg = Release|Any CPU
		{DFCF0C73-142E-407C-AA6D-FC266E9C61FB}.Release|Any CPU.Build.0 = Release|Any CPU
	EndGlobalSection
	GlobalSection(SolutionProperties) = preSolution
		HideSolutionNode = FALSE
	EndGlobalSection
	GlobalSection(ExtensibilityGlobals) = postSolution
		SolutionGuid = {59768846-5604-4648-8C17-0AF4F03DA4ED}
	EndGlobalSection
EndGlobal
